{
  "name": "vite-starter",
  "version": "1.0.0",
  "lockfileVersion": 1,
  "requires": true,
  "dependencies": {
    "@babel/parser": {
      "version": "7.17.9",
      "resolved": "http://npm.idcvdian.com/@babel/parser/download/@babel/parser-7.17.9.tgz",
      "integrity": "sha1-nJQYmmBi8CkUGMoCEHeYMFjhce8="
    },
    "@types/eslint": {
      "version": "8.4.1",
      "resolved": "http://npm.idcvdian.com/@types/eslint/download/@types/eslint-8.4.1.tgz",
      "integrity": "sha1-xIJRVT6HWdueZW3j78hGlUrDIwQ=",
      "dev": true,
      "requires": {
        "@types/estree": "*",
        "@types/json-schema": "*"
      }
    },
    "@types/eslint-scope": {
      "version": "3.7.3",
      "resolved": "http://npm.idcvdian.com/@types/eslint-scope/download/@types/eslint-scope-3.7.3.tgz",
      "integrity": "sha1-EluIUEth48i8b4cIggAyUwBcMiQ=",
      "dev": true,
      "requires": {
        "@types/eslint": "*",
        "@types/estree": "*"
      }
    },
    "@types/estree": {
      "version": "0.0.51",
      "resolved": "http://npm.idcvdian.com/@types/estree/download/@types/estree-0.0.51.tgz",
      "integrity": "sha1-z9cJJKJaP9MrIY5eQg5ol+GsT0A=",
      "dev": true
    },
    "@types/json-schema": {
      "version": "7.0.11",
      "resolved": "http://npm.idcvdian.com/@types/json-schema/download/@types/json-schema-7.0.11.tgz",
      "integrity": "sha1-1CG2xSejA398hEM/0sQingFoY9M=",
      "dev": true
    },
    "@types/node": {
      "version": "17.0.26",
      "resolved": "http://npm.idcvdian.com/@types/node/download/@types/node-17.0.26.tgz",
      "integrity": "sha1-G7/5sj7lpk+HtPMMDIVLES7i5jU=",
      "dev": true
    },
    "@vitejs/plugin-vue": {
      "version": "2.3.1",
      "resolved": "http://npm.idcvdian.com/@vitejs/plugin-vue/download/@vitejs/plugin-vue-2.3.1.tgz",
      "integrity": "sha1-XyhrjTUVOBxtXI+o7uXmM19yfhQ="
    },
    "@vue/compiler-core": {
      "version": "3.2.33",
      "resolved": "http://npm.idcvdian.com/@vue/compiler-core/download/@vue/compiler-core-3.2.33.tgz",
      "integrity": "sha1-6RXVnM6FiY9cXP6+TAnlOSeMPVk=",
      "requires": {
        "@babel/parser": "^7.16.4",
        "@vue/shared": "3.2.33",
        "estree-walker": "^2.0.2",
        "source-map": "^0.6.1"
      }
    },
    "@vue/compiler-dom": {
      "version": "3.2.33",
      "resolved": "http://npm.idcvdian.com/@vue/compiler-dom/download/@vue/compiler-dom-3.2.33.tgz",
      "integrity": "sha1-bbhClvlJ8Y5dPn/V6A+UPb7X1ew=",
      "requires": {
        "@vue/compiler-core": "3.2.33",
        "@vue/shared": "3.2.33"
      }
    },
    "@vue/compiler-sfc": {
      "version": "3.2.33",
      "resolved": "http://npm.idcvdian.com/@vue/compiler-sfc/download/@vue/compiler-sfc-3.2.33.tgz",
      "integrity": "sha1-fOAdyUeot2wJmBHcbKWElNTcdz0=",
      "requires": {
        "@babel/parser": "^7.16.4",
        "@vue/compiler-core": "3.2.33",
        "@vue/compiler-dom": "3.2.33",
        "@vue/compiler-ssr": "3.2.33",
        "@vue/reactivity-transform": "3.2.33",
        "@vue/shared": "3.2.33",
        "estree-walker": "^2.0.2",
        "magic-string": "^0.25.7",
        "postcss": "^8.1.10",
        "source-map": "^0.6.1"
      }
    },
    "@vue/compiler-ssr": {
      "version": "3.2.33",
      "resolved": "http://npm.idcvdian.com/@vue/compiler-ssr/download/@vue/compiler-ssr-3.2.33.tgz",
      "integrity": "sha1-PoICZ+TupI/elRnwBt7co/XkLnE=",
      "requires": {
        "@vue/compiler-dom": "3.2.33",
        "@vue/shared": "3.2.33"
      }
    },
    "@vue/reactivity": {
      "version": "3.2.33",
      "resolved": "http://npm.idcvdian.com/@vue/reactivity/download/@vue/reactivity-3.2.33.tgz",
      "integrity": "sha1-yE7ttSJRONv8JHKGTBUdPvu0tnM=",
      "requires": {
        "@vue/shared": "3.2.33"
      }
    },
    "@vue/reactivity-transform": {
      "version": "3.2.33",
      "resolved": "http://npm.idcvdian.com/@vue/reactivity-transform/download/@vue/reactivity-transform-3.2.33.tgz",
      "integrity": "sha1-KGBj9EylYVCum1L4NGom5ZE/ppk=",
      "requires": {
        "@babel/parser": "^7.16.4",
        "@vue/compiler-core": "3.2.33",
        "@vue/shared": "3.2.33",
        "estree-walker": "^2.0.2",
        "magic-string": "^0.25.7"
      }
    },
    "@vue/runtime-core": {
      "version": "3.2.33",
      "resolved": "http://npm.idcvdian.com/@vue/runtime-core/download/@vue/runtime-core-3.2.33.tgz",
      "integrity": "sha1-LfiQfIXDfDQZ+9G98aLfCX+kDfI=",
      "requires": {
        "@vue/reactivity": "3.2.33",
        "@vue/shared": "3.2.33"
      }
    },
    "@vue/runtime-dom": {
      "version": "3.2.33",
      "resolved": "http://npm.idcvdian.com/@vue/runtime-dom/download/@vue/runtime-dom-3.2.33.tgz",
      "integrity": "sha1-EjuJaSRwKeoNnBmDZ21HBqli2Eg=",
      "requires": {
        "@vue/runtime-core": "3.2.33",
        "@vue/shared": "3.2.33",
        "csstype": "^2.6.8"
      }
    },
    "@vue/server-renderer": {
      "version": "3.2.33",
      "resolved": "http://npm.idcvdian.com/@vue/server-renderer/download/@vue/server-renderer-3.2.33.tgz",
      "integrity": "sha1-S0XW0q4Q6k49LPjmdoBM9g8zGXk=",
      "requires": {
        "@vue/compiler-ssr": "3.2.33",
        "@vue/shared": "3.2.33"
      }
    },
    "@vue/shared": {
      "version": "3.2.33",
      "resolved": "http://npm.idcvdian.com/@vue/shared/download/@vue/shared-3.2.33.tgz",
      "integrity": "sha1-aajJnOs3wbAx1cxK7C/x3HfhFh4="
    },
    "@webassemblyjs/ast": {
      "version": "1.11.1",
      "resolved": "http://npm.idcvdian.com/@webassemblyjs/ast/download/@webassemblyjs/ast-1.11.1.tgz",
      "integrity": "sha1-K/12fq4aaZb0Mv9+jX/HVnnAtqc=",
      "dev": true,
      "requires": {
        "@webassemblyjs/helper-numbers": "1.11.1",
        "@webassemblyjs/helper-wasm-bytecode": "1.11.1"
      }
    },
    "@webassemblyjs/floating-point-hex-parser": {
      "version": "1.11.1",
      "resolved": "http://npm.idcvdian.com/@webassemblyjs/floating-point-hex-parser/download/@webassemblyjs/floating-point-hex-parser-1.11.1.tgz",
      "integrity": "sha1-9sYacF8P16auyqToGY8j2dwXnk8=",
      "dev": true
    },
    "@webassemblyjs/helper-api-error": {
      "version": "1.11.1",
      "resolved": "http://npm.idcvdian.com/@webassemblyjs/helper-api-error/download/@webassemblyjs/helper-api-error-1.11.1.tgz",
      "integrity": "sha1-GmMZLYeI5cASgAump6RscFKI/RY=",
      "dev": true
    },
    "@webassemblyjs/helper-buffer": {
      "version": "1.11.1",
      "resolved": "http://npm.idcvdian.com/@webassemblyjs/helper-buffer/download/@webassemblyjs/helper-buffer-1.11.1.tgz",
      "integrity": "sha1-gyqQDrREiEzemnytRn+BUA9eWrU=",
      "dev": true
    },
    "@webassemblyjs/helper-numbers": {
      "version": "1.11.1",
      "resolved": "http://npm.idcvdian.com/@webassemblyjs/helper-numbers/download/@webassemblyjs/helper-numbers-1.11.1.tgz",
      "integrity": "sha1-ZNgdohn7u6HjvRv8dPboxOEKYq4=",
      "dev": true,
      "requires": {
        "@webassemblyjs/floating-point-hex-parser": "1.11.1",
        "@webassemblyjs/helper-api-error": "1.11.1",
        "@xtuc/long": "4.2.2"
      }
    },
    "@webassemblyjs/helper-wasm-bytecode": {
      "version": "1.11.1",
      "resolved": "http://npm.idcvdian.com/@webassemblyjs/helper-wasm-bytecode/download/@webassemblyjs/helper-wasm-bytecode-1.11.1.tgz",
      "integrity": "sha1-8ygkHkHnsZnQsgwY6IQpxEMyleE=",
      "dev": true
    },
    "@webassemblyjs/helper-wasm-section": {
      "version": "1.11.1",
      "resolved": "http://npm.idcvdian.com/@webassemblyjs/helper-wasm-section/download/@webassemblyjs/helper-wasm-section-1.11.1.tgz",
      "integrity": "sha1-Ie4GWntjXzGec48N1zv72igcCXo=",
      "dev": true,
      "requires": {
        "@webassemblyjs/ast": "1.11.1",
        "@webassemblyjs/helper-buffer": "1.11.1",
        "@webassemblyjs/helper-wasm-bytecode": "1.11.1",
        "@webassemblyjs/wasm-gen": "1.11.1"
      }
    },
    "@webassemblyjs/ieee754": {
      "version": "1.11.1",
      "resolved": "http://npm.idcvdian.com/@webassemblyjs/ieee754/download/@webassemblyjs/ieee754-1.11.1.tgz",
      "integrity": "sha1-ljkp6bvQVwnn4SJDoJkYCBKZJhQ=",
      "dev": true,
      "requires": {
        "@xtuc/ieee754": "^1.2.0"
      }
    },
    "@webassemblyjs/leb128": {
      "version": "1.11.1",
      "resolved": "http://npm.idcvdian.com/@webassemblyjs/leb128/download/@webassemblyjs/leb128-1.11.1.tgz",
      "integrity": "sha1-zoFLRVdOk9drrh+yZEq5zdlSeqU=",
      "dev": true,
      "requires": {
        "@xtuc/long": "4.2.2"
      }
    },
    "@webassemblyjs/utf8": {
      "version": "1.11.1",
      "resolved": "http://npm.idcvdian.com/@webassemblyjs/utf8/download/@webassemblyjs/utf8-1.11.1.tgz",
      "integrity": "sha1-0fi3ZDaefG5rrjUOhU3smlnwo/8=",
      "dev": true
    },
    "@webassemblyjs/wasm-edit": {
      "version": "1.11.1",
      "resolved": "http://npm.idcvdian.com/@webassemblyjs/wasm-edit/download/@webassemblyjs/wasm-edit-1.11.1.tgz",
      "integrity": "sha1-rSBuv0v5WgWM6YgKjAksXeyBk9Y=",
      "dev": true,
      "requires": {
        "@webassemblyjs/ast": "1.11.1",
        "@webassemblyjs/helper-buffer": "1.11.1",
        "@webassemblyjs/helper-wasm-bytecode": "1.11.1",
        "@webassemblyjs/helper-wasm-section": "1.11.1",
        "@webassemblyjs/wasm-gen": "1.11.1",
        "@webassemblyjs/wasm-opt": "1.11.1",
        "@webassemblyjs/wasm-parser": "1.11.1",
        "@webassemblyjs/wast-printer": "1.11.1"
      }
    },
    "@webassemblyjs/wasm-gen": {
      "version": "1.11.1",
      "resolved": "http://npm.idcvdian.com/@webassemblyjs/wasm-gen/download/@webassemblyjs/wasm-gen-1.11.1.tgz",
      "integrity": "sha1-hsXqMEhJdZt9iMR6MvTwOa48j3Y=",
      "dev": true,
      "requires": {
        "@webassemblyjs/ast": "1.11.1",
        "@webassemblyjs/helper-wasm-bytecode": "1.11.1",
        "@webassemblyjs/ieee754": "1.11.1",
        "@webassemblyjs/leb128": "1.11.1",
        "@webassemblyjs/utf8": "1.11.1"
      }
    },
    "@webassemblyjs/wasm-opt": {
      "version": "1.11.1",
      "resolved": "http://npm.idcvdian.com/@webassemblyjs/wasm-opt/download/@webassemblyjs/wasm-opt-1.11.1.tgz",
      "integrity": "sha1-ZXtMIgL0zzs0X4pMZGHIwkGJhfI=",
      "dev": true,
      "requires": {
        "@webassemblyjs/ast": "1.11.1",
        "@webassemblyjs/helper-buffer": "1.11.1",
        "@webassemblyjs/wasm-gen": "1.11.1",
        "@webassemblyjs/wasm-parser": "1.11.1"
      }
    },
    "@webassemblyjs/wasm-parser": {
      "version": "1.11.1",
      "resolved": "http://npm.idcvdian.com/@webassemblyjs/wasm-parser/download/@webassemblyjs/wasm-parser-1.11.1.tgz",
      "integrity": "sha1-hspzRTT0F+m9PGfHocddi+QfsZk=",
      "dev": true,
      "requires": {
        "@webassemblyjs/ast": "1.11.1",
        "@webassemblyjs/helper-api-error": "1.11.1",
        "@webassemblyjs/helper-wasm-bytecode": "1.11.1",
        "@webassemblyjs/ieee754": "1.11.1",
        "@webassemblyjs/leb128": "1.11.1",
        "@webassemblyjs/utf8": "1.11.1"
      }
    },
    "@webassemblyjs/wast-printer": {
      "version": "1.11.1",
      "resolved": "http://npm.idcvdian.com/@webassemblyjs/wast-printer/download/@webassemblyjs/wast-printer-1.11.1.tgz",
      "integrity": "sha1-0Mc77ajuxUJvEK6O9VzuXnCEwvA=",
      "dev": true,
      "requires": {
        "@webassemblyjs/ast": "1.11.1",
        "@xtuc/long": "4.2.2"
      }
    },
    "@xtuc/ieee754": {
      "version": "1.2.0",
      "resolved": "http://npm.idcvdian.com/@xtuc/ieee754/download/@xtuc/ieee754-1.2.0.tgz",
      "integrity": "sha1-7vAUoxRa5Hehy8AM0eVSM23Ot5A=",
      "dev": true
    },
    "@xtuc/long": {
      "version": "4.2.2",
      "resolved": "http://npm.idcvdian.com/@xtuc/long/download/@xtuc/long-4.2.2.tgz",
      "integrity": "sha1-0pHGpOl5ibXGHZrPOWrk/hM6cY0=",
      "dev": true
    },
    "acorn": {
      "version": "8.7.0",
      "resolved": "http://npm.idcvdian.com/acorn/download/acorn-8.7.0.tgz",
      "integrity": "sha1-kJUf3g+PCd+TVJSB5fwUFEW3kc8=",
      "dev": true
    },
    "acorn-import-assertions": {
      "version": "1.8.0",
      "resolved": "http://npm.idcvdian.com/acorn-import-assertions/download/acorn-import-assertions-1.8.0.tgz",
      "integrity": "sha1-uitZOc5iwjjbbZPYHJsRGym4Vek=",
      "dev": true
    },
    "ajv": {
      "version": "6.12.6",
      "resolved": "http://npm.idcvdian.com/ajv/download/ajv-6.12.6.tgz",
      "integrity": "sha1-uvWmLoArB9l3A0WG+MO69a3ybfQ=",
      "dev": true,
      "requires": {
        "fast-deep-equal": "^3.1.1",
        "fast-json-stable-stringify": "^2.0.0",
        "json-schema-traverse": "^0.4.1",
        "uri-js": "^4.2.2"
      }
    },
    "ajv-keywords": {
      "version": "3.5.2",
      "resolved": "http://npm.idcvdian.com/ajv-keywords/download/ajv-keywords-3.5.2.tgz",
      "integrity": "sha1-MfKdpatuANHC0yms97WSlhTVAU0=",
      "dev": true
    },
    "browserslist": {
      "version": "4.20.2",
      "resolved": "http://npm.idcvdian.com/browserslist/download/browserslist-4.20.2.tgz",
      "integrity": "sha1-VntBUIdX7NkE2rTRxkbGEs09T4g=",
      "dev": true,
      "requires": {
        "caniuse-lite": "^1.0.30001317",
        "electron-to-chromium": "^1.4.84",
        "escalade": "^3.1.1",
        "node-releases": "^2.0.2",
        "picocolors": "^1.0.0"
      }
    },
    "buffer-from": {
      "version": "1.1.2",
      "resolved": "http://npm.idcvdian.com/buffer-from/download/buffer-from-1.1.2.tgz",
      "integrity": "sha1-KxRqb9cugLT1XSVfNe1Zo6mkG9U=",
      "dev": true
    },
    "caniuse-lite": {
      "version": "1.0.30001332",
      "resolved": "http://npm.idcvdian.com/caniuse-lite/download/caniuse-lite-1.0.30001332.tgz",
      "integrity": "sha1-OUdtOqjYPqdjWccDAur91KHXJ90=",
      "dev": true
    },
    "chrome-trace-event": {
      "version": "1.0.3",
      "resolved": "http://npm.idcvdian.com/chrome-trace-event/download/chrome-trace-event-1.0.3.tgz",
      "integrity": "sha1-EBXs7UdB4V0GZkqVfbv1DQQeJqw=",
      "dev": true
    },
    "commander": {
      "version": "2.20.3",
      "resolved": "http://npm.idcvdian.com/commander/download/commander-2.20.3.tgz",
      "integrity": "sha1-/UhehMA+tIgcIHIrpIA16FMa6zM=",
      "dev": true
    },
    "csstype": {
      "version": "2.6.20",
      "resolved": "http://npm.idcvdian.com/csstype/download/csstype-2.6.20.tgz",
      "integrity": "sha1-kinGXqCyYM9NPZl8sGKI42qNbdo="
    },
    "electron-to-chromium": {
      "version": "1.4.86",
      "resolved": "http://npm.idcvdian.com/electron-to-chromium/download/electron-to-chromium-1.4.86.tgz",
      "integrity": "sha1-kP5Kl4f0jWUilXITQI4IqBJrLrw=",
      "dev": true
    },
    "enhanced-resolve": {
      "version": "5.9.3",
      "resolved": "http://npm.idcvdian.com/enhanced-resolve/download/enhanced-resolve-5.9.3.tgz",
      "integrity": "sha1-RKNCwBLLxHMlSvXMauIOvQquXYg=",
      "dev": true,
      "requires": {
        "graceful-fs": "^4.2.4",
        "tapable": "^2.2.0"
      }
    },
    "es-module-lexer": {
      "version": "0.9.3",
      "resolved": "http://npm.idcvdian.com/es-module-lexer/download/es-module-lexer-0.9.3.tgz",
      "integrity": "sha1-bxPbAMw4QXE32vdDZvU1yOtDjxk=",
      "dev": true
    },
    "esbuild": {
      "version": "0.14.38",
      "resolved": "http://npm.idcvdian.com/esbuild/download/esbuild-0.14.38.tgz",
      "integrity": "sha1-mVJrd4zZ81UylV4m4XCaFsyi+zA=",
      "requires": {
        "esbuild-android-64": "0.14.38",
        "esbuild-android-arm64": "0.14.38",
        "esbuild-darwin-64": "0.14.38",
        "esbuild-darwin-arm64": "0.14.38",
        "esbuild-freebsd-64": "0.14.38",
        "esbuild-freebsd-arm64": "0.14.38",
        "esbuild-linux-32": "0.14.38",
        "esbuild-linux-64": "0.14.38",
        "esbuild-linux-arm": "0.14.38",
        "esbuild-linux-arm64": "0.14.38",
        "esbuild-linux-mips64le": "0.14.38",
        "esbuild-linux-ppc64le": "0.14.38",
        "esbuild-linux-riscv64": "0.14.38",
        "esbuild-linux-s390x": "0.14.38",
        "esbuild-netbsd-64": "0.14.38",
        "esbuild-openbsd-64": "0.14.38",
        "esbuild-sunos-64": "0.14.38",
        "esbuild-windows-32": "0.14.38",
        "esbuild-windows-64": "0.14.38",
        "esbuild-windows-arm64": "0.14.38"
      }
    },
    "esbuild-android-64": {
      "version": "0.14.38",
      "resolved": "http://npm.idcvdian.com/esbuild-android-64/download/esbuild-android-64-0.14.38.tgz",
      "integrity": "sha1-W5ShMG3zHVUFX2SmL/a3Y6R7f2Q=",
      "optional": true
    },
    "esbuild-android-arm64": {
      "version": "0.14.38",
      "resolved": "http://npm.idcvdian.com/esbuild-android-arm64/download/esbuild-android-arm64-0.14.38.tgz",
      "integrity": "sha1-eKzIB3PRYAfeUhnMzlRMA2q9ULg=",
      "optional": true
    },
    "esbuild-darwin-64": {
      "version": "0.14.38",
      "resolved": "http://npm.idcvdian.com/esbuild-darwin-64/download/esbuild-darwin-64-0.14.38.tgz",
      "integrity": "sha1-4CsSkfYp69wqpG+r+syaoo/2qkY=",
      "optional": true
    },
    "esbuild-darwin-arm64": {
      "version": "0.14.38",
      "resolved": "http://npm.idcvdian.com/esbuild-darwin-arm64/download/esbuild-darwin-arm64-0.14.38.tgz",
      "integrity": "sha1-AetmUOwBCxjJkORDpqvModcSkKk=",
      "optional": true
    },
    "esbuild-freebsd-64": {
      "version": "0.14.38",
      "resolved": "http://npm.idcvdian.com/esbuild-freebsd-64/download/esbuild-freebsd-64-0.14.38.tgz",
      "integrity": "sha1-eQuHhnKdSqx74XZI+eqODhZHW14=",
      "optional": true
    },
    "esbuild-freebsd-arm64": {
      "version": "0.14.38",
      "resolved": "http://npm.idcvdian.com/esbuild-freebsd-arm64/download/esbuild-freebsd-arm64-0.14.38.tgz",
      "integrity": "sha1-tmNAqyjAnBCY5tnY/2VttH1yEeY=",
      "optional": true
    },
    "esbuild-linux-32": {
      "version": "0.14.38",
      "resolved": "http://npm.idcvdian.com/esbuild-linux-32/download/esbuild-linux-32-0.14.38.tgz",
      "integrity": "sha1-eSf5UJhv058P8xnpKDlFWRK2f3A=",
      "optional": true
    },
    "esbuild-linux-64": {
      "version": "0.14.38",
      "resolved": "http://npm.idcvdian.com/esbuild-linux-64/download/esbuild-linux-64-0.14.38.tgz",
      "integrity": "sha1-SJPQeyKdnP40orPOWGOZ5zw6xRk=",
      "optional": true
    },
    "esbuild-linux-arm": {
      "version": "0.14.38",
      "resolved": "http://npm.idcvdian.com/esbuild-linux-arm/download/esbuild-linux-arm-0.14.38.tgz",
      "integrity": "sha1-1dvzLTi395vg7GtfsvklH9kGaYY=",
      "optional": true
    },
    "esbuild-linux-arm64": {
      "version": "0.14.38",
      "resolved": "http://npm.idcvdian.com/esbuild-linux-arm64/download/esbuild-linux-arm64-0.14.38.tgz",
      "integrity": "sha1-hEJALjfQuK6UasYWeE2cGiBBBWo=",
      "optional": true
    },
    "esbuild-linux-mips64le": {
      "version": "0.14.38",
      "resolved": "http://npm.idcvdian.com/esbuild-linux-mips64le/download/esbuild-linux-mips64le-0.14.38.tgz",
      "integrity": "sha1-lQgeQvaYu+NdjM7g46I3WUszfrU=",
      "optional": true
    },
    "esbuild-linux-ppc64le": {
      "version": "0.14.38",
      "resolved": "http://npm.idcvdian.com/esbuild-linux-ppc64le/download/esbuild-linux-ppc64le-0.14.38.tgz",
      "integrity": "sha1-3OsKGxhvXfZ5YYiCp5kL1CIIm0c=",
      "optional": true
    },
    "esbuild-linux-riscv64": {
      "version": "0.14.38",
      "resolved": "http://npm.idcvdian.com/esbuild-linux-riscv64/download/esbuild-linux-riscv64-0.14.38.tgz",
      "integrity": "sha1-YfuO23X0dfkgjEqTqyv6tjghr9I=",
      "optional": true
    },
    "esbuild-linux-s390x": {
      "version": "0.14.38",
      "resolved": "http://npm.idcvdian.com/esbuild-linux-s390x/download/esbuild-linux-s390x-0.14.38.tgz",
      "integrity": "sha1-NMcSakk3QGv2peaRABhf1wLRL+A=",
      "optional": true
    },
    "esbuild-netbsd-64": {
      "version": "0.14.38",
      "resolved": "http://npm.idcvdian.com/esbuild-netbsd-64/download/esbuild-netbsd-64-0.14.38.tgz",
      "integrity": "sha1-Mi6pk32eUpGD7igceZa5PrOKXZU=",
      "optional": true
    },
    "esbuild-openbsd-64": {
      "version": "0.14.38",
      "resolved": "http://npm.idcvdian.com/esbuild-openbsd-64/download/esbuild-openbsd-64-0.14.38.tgz",
      "integrity": "sha1-HKKbt6K/CVktzCav20UQjwiizb0=",
      "optional": true
    },
    "esbuild-sunos-64": {
      "version": "0.14.38",
      "resolved": "http://npm.idcvdian.com/esbuild-sunos-64/download/esbuild-sunos-64-0.14.38.tgz",
      "integrity": "sha1-yURvfY6/RQk+e7DnBFUGqIVAAZs=",
      "optional": true
    },
    "esbuild-windows-32": {
      "version": "0.14.38",
      "resolved": "http://npm.idcvdian.com/esbuild-windows-32/download/esbuild-windows-32-0.14.38.tgz",
      "integrity": "sha1-+Om0YC/QzL1I5cjRF+wLpAQPKtE=",
      "optional": true
    },
    "esbuild-windows-64": {
      "version": "0.14.38",
      "resolved": "http://npm.idcvdian.com/esbuild-windows-64/download/esbuild-windows-64-0.14.38.tgz",
      "integrity": "sha1-KA9Y5p94U19HCQXOPkPbF0ZRgQc=",
      "optional": true
    },
    "esbuild-windows-arm64": {
      "version": "0.14.38",
      "resolved": "http://npm.idcvdian.com/esbuild-windows-arm64/download/esbuild-windows-arm64-0.14.38.tgz",
      "integrity": "sha1-2X6awPlaTCNtkXP6n4bJg9alP1Q=",
      "optional": true
    },
    "escalade": {
      "version": "3.1.1",
      "resolved": "http://npm.idcvdian.com/escalade/download/escalade-3.1.1.tgz",
      "integrity": "sha1-2M/ccACWXFoBdLSoLqpcBVJ0LkA=",
      "dev": true
    },
    "eslint-scope": {
      "version": "5.1.1",
      "resolved": "http://npm.idcvdian.com/eslint-scope/download/eslint-scope-5.1.1.tgz",
      "integrity": "sha1-54blmmbLkrP2wfsNUIqrF0hI9Iw=",
      "dev": true,
      "requires": {
        "esrecurse": "^4.3.0",
        "estraverse": "^4.1.1"
      }
    },
    "esrecurse": {
      "version": "4.3.0",
      "resolved": "http://npm.idcvdian.com/esrecurse/download/esrecurse-4.3.0.tgz",
      "integrity": "sha1-eteWTWeauyi+5yzsY3WLHF0smSE=",
      "dev": true,
      "requires": {
        "estraverse": "^5.2.0"
      },
      "dependencies": {
        "estraverse": {
          "version": "5.3.0",
          "resolved": "http://npm.idcvdian.com/estraverse/download/estraverse-5.3.0.tgz",
          "integrity": "sha1-LupSkHAvJquP5TcDcP+GyWXSESM=",
          "dev": true
        }
      }
    },
    "estraverse": {
      "version": "4.3.0",
      "resolved": "http://npm.idcvdian.com/estraverse/download/estraverse-4.3.0.tgz",
      "integrity": "sha1-OYrT88WiSUi+dyXoPRGn3ijNvR0=",
      "dev": true
    },
    "estree-walker": {
      "version": "2.0.2",
      "resolved": "http://npm.idcvdian.com/estree-walker/download/estree-walker-2.0.2.tgz",
      "integrity": "sha1-UvAQF4wqTBF6d1fP6UKtt9LaTKw="
    },
    "events": {
      "version": "3.3.0",
      "resolved": "http://npm.idcvdian.com/events/download/events-3.3.0.tgz",
      "integrity": "sha1-Mala0Kkk4tLEGagTrrLE6HjqdAA=",
      "dev": true
    },
    "fast-deep-equal": {
      "version": "3.1.3",
      "resolved": "http://npm.idcvdian.com/fast-deep-equal/download/fast-deep-equal-3.1.3.tgz",
      "integrity": "sha1-On1WtVnWy8PrUSMlJE5hmmXGxSU=",
      "dev": true
    },
    "fast-json-stable-stringify": {
      "version": "2.1.0",
      "resolved": "http://npm.idcvdian.com/fast-json-stable-stringify/download/fast-json-stable-stringify-2.1.0.tgz",
      "integrity": "sha1-h0v2nG9ATCtdmcSBNBOZ/VWJJjM=",
      "dev": true
    },
    "fsevents": {
      "version": "2.3.2",
      "resolved": "http://npm.idcvdian.com/fsevents/download/fsevents-2.3.2.tgz",
      "integrity": "sha1-ilJveLj99GI7cJ4Ll1xSwkwC/Ro=",
      "optional": true
    },
    "function-bind": {
      "version": "1.1.1",
      "resolved": "http://npm.idcvdian.com/function-bind/download/function-bind-1.1.1.tgz",
      "integrity": "sha1-pWiZ0+o8m6uHS7l3O3xe3pL0iV0="
    },
    "glob-to-regexp": {
      "version": "0.4.1",
      "resolved": "http://npm.idcvdian.com/glob-to-regexp/download/glob-to-regexp-0.4.1.tgz",
      "integrity": "sha1-x1KXCHyFG5pXi9IX3VmpL1n+VG4=",
      "dev": true
    },
    "graceful-fs": {
      "version": "4.2.10",
      "resolved": "https://registry.npmjs.org/graceful-fs/-/graceful-fs-4.2.10.tgz",
      "integrity": "sha512-9ByhssR2fPVsNZj478qUUbKfmL0+t5BDVyjShtyZZLiK7ZDAArFFfopyOTj0M05wE2tJPisA4iTnnXl2YoPvOA==",
      "dev": true
    },
    "has": {
      "version": "1.0.3",
      "resolved": "http://npm.idcvdian.com/has/download/has-1.0.3.tgz",
      "integrity": "sha1-ci18v8H2qoJB8W3YFOAR4fQeh5Y=",
      "requires": {
        "function-bind": "^1.1.1"
      }
    },
    "is-core-module": {
      "version": "2.8.1",
      "resolved": "http://npm.idcvdian.com/is-core-module/download/is-core-module-2.8.1.tgz",
      "integrity": "sha1-9Z/fynAdWHnQprEApAqhVgzichE=",
      "requires": {
        "has": "^1.0.3"
      }
    },
    "jest-worker": {
      "version": "27.5.1",
      "resolved": "http://npm.idcvdian.com/jest-worker/download/jest-worker-27.5.1.tgz",
      "integrity": "sha1-jRRvCQDolzsQa29zzB6ajLhvjbA=",
      "dev": true,
      "requires": {
        "@types/node": "*",
        "merge-stream": "^2.0.0",
        "supports-color": "^8.0.0"
      },
      "dependencies": {
        "has-flag": {
          "version": "4.0.0",
          "resolved": "http://npm.idcvdian.com/has-flag/download/has-flag-4.0.0.tgz",
          "integrity": "sha1-lEdx/ZyByBJlxNaUGGDaBrtZR5s=",
          "dev": true
        },
        "supports-color": {
          "version": "8.1.1",
          "resolved": "http://npm.idcvdian.com/supports-color/download/supports-color-8.1.1.tgz",
          "integrity": "sha1-zW/BfihQDP9WwbhsCn/UpUpzAFw=",
          "dev": true,
          "requires": {
            "has-flag": "^4.0.0"
          }
        }
      }
    },
    "json-parse-better-errors": {
      "version": "1.0.2",
      "resolved": "http://npm.idcvdian.com/json-parse-better-errors/download/json-parse-better-errors-1.0.2.tgz",
      "integrity": "sha1-u4Z8+zRQ5pEHwTHRxRS6s9yLyqk=",
      "dev": true
    },
    "json-schema-traverse": {
      "version": "0.4.1",
      "resolved": "http://npm.idcvdian.com/json-schema-traverse/download/json-schema-traverse-0.4.1.tgz",
      "integrity": "sha1-afaofZUTq4u4/mO9sJecRI5oRmA=",
      "dev": true
    },
    "loader-runner": {
      "version": "4.2.0",
      "resolved": "http://npm.idcvdian.com/loader-runner/download/loader-runner-4.2.0.tgz",
      "integrity": "sha1-1wIjgNZtFMX7HUlriYZOvP1Hg4Q=",
      "dev": true
    },
    "magic-string": {
      "version": "0.25.9",
      "resolved": "http://npm.idcvdian.com/magic-string/download/magic-string-0.25.9.tgz",
      "integrity": "sha1-3n+fr5HvihyR0CwuUxTIJ3283Rw=",
      "requires": {
        "sourcemap-codec": "^1.4.8"
      }
    },
    "merge-stream": {
      "version": "2.0.0",
      "resolved": "http://npm.idcvdian.com/merge-stream/download/merge-stream-2.0.0.tgz",
      "integrity": "sha1-UoI2KaFN0AyXcPtq1H3GMQ8sH2A=",
      "dev": true
    },
    "mime-db": {
      "version": "1.52.0",
      "resolved": "http://npm.idcvdian.com/mime-db/download/mime-db-1.52.0.tgz",
      "integrity": "sha1-u6vNwChZ9JhzAchW4zh85exDv3A=",
      "dev": true
    },
    "mime-types": {
      "version": "2.1.35",
      "resolved": "http://npm.idcvdian.com/mime-types/download/mime-types-2.1.35.tgz",
      "integrity": "sha1-OBqHG2KnNEUGYK497uRIE/cNlZo=",
      "dev": true,
      "requires": {
        "mime-db": "1.52.0"
      }
    },
    "nanoid": {
      "version": "3.3.3",
      "resolved": "http://npm.idcvdian.com/nanoid/download/nanoid-3.3.3.tgz",
      "integrity": "sha1-/Y6Leqdh/oB9ui0bmPtyQbtySiU="
    },
    "neo-async": {
      "version": "2.6.2",
      "resolved": "http://npm.idcvdian.com/neo-async/download/neo-async-2.6.2.tgz",
      "integrity": "sha1-tKr7k+OustgXTKU88WOrfXMIMF8=",
      "dev": true
    },
    "node-releases": {
      "version": "2.0.2",
      "resolved": "http://npm.idcvdian.com/node-releases/download/node-releases-2.0.2.tgz",
      "integrity": "sha1-cTn+ceL08RtH1NKYaq+MSGmeDAE=",
      "dev": true
    },
    "path-parse": {
      "version": "1.0.7",
      "resolved": "http://npm.idcvdian.com/path-parse/download/path-parse-1.0.7.tgz",
      "integrity": "sha1-+8EUtgykKzDZ2vWFjkvWi77bZzU="
    },
    "picocolors": {
      "version": "1.0.0",
      "resolved": "http://npm.idcvdian.com/picocolors/download/picocolors-1.0.0.tgz",
      "integrity": "sha1-y1vcdP8/UYkiNur3nWi8RFZKuBw="
    },
    "postcss": {
      "version": "8.4.12",
      "resolved": "http://npm.idcvdian.com/postcss/download/postcss-8.4.12.tgz",
      "integrity": "sha1-Hn3nhzOyiXD6R0P32m83Y2SLGQU=",
      "requires": {
        "nanoid": "^3.3.1",
        "picocolors": "^1.0.0",
        "source-map-js": "^1.0.2"
      }
    },
    "punycode": {
      "version": "2.1.1",
      "resolved": "http://npm.idcvdian.com/punycode/download/punycode-2.1.1.tgz",
      "integrity": "sha1-tYsBCsQMIsVldhbI0sLALHv0eew=",
      "dev": true
    },
    "randombytes": {
      "version": "2.1.0",
      "resolved": "http://npm.idcvdian.com/randombytes/download/randombytes-2.1.0.tgz",
      "integrity": "sha1-32+ENy8CcNxlzfYpE0mrekc9Tyo=",
      "dev": true,
      "requires": {
        "safe-buffer": "^5.1.0"
      }
    },
    "resolve": {
      "version": "1.22.0",
      "resolved": "http://npm.idcvdian.com/resolve/download/resolve-1.22.0.tgz",
      "integrity": "sha1-XguMZ8Fd9XqJvbq+YDoALyFzEZg=",
      "requires": {
        "is-core-module": "^2.8.1",
        "path-parse": "^1.0.7",
        "supports-preserve-symlinks-flag": "^1.0.0"
      }
    },
    "rollup": {
      "version": "2.70.2",
      "resolved": "http://npm.idcvdian.com/rollup/download/rollup-2.70.2.tgz",
      "integrity": "sha1-gI0gaohRYooGUJe3uiBTvYO6DA0=",
      "requires": {
        "fsevents": "~2.3.2"
      }
    },
    "safe-buffer": {
      "version": "5.1.2",
      "resolved": "http://npm.idcvdian.com/safe-buffer/download/safe-buffer-5.1.2.tgz",
      "integrity": "sha1-mR7GnSluAxN0fVm9/St0XDX4go0=",
      "dev": true
    },
    "schema-utils": {
      "version": "3.1.1",
      "resolved": "http://npm.idcvdian.com/schema-utils/download/schema-utils-3.1.1.tgz",
      "integrity": "sha1-vHTEtraZXB2I92qLd76nIZ4MgoE=",
      "dev": true,
      "requires": {
        "@types/json-schema": "^7.0.8",
        "ajv": "^6.12.5",
        "ajv-keywords": "^3.5.2"
      }
    },
    "serialize-javascript": {
      "version": "6.0.0",
      "resolved": "http://npm.idcvdian.com/serialize-javascript/download/serialize-javascript-6.0.0.tgz",
      "integrity": "sha1-765diPRdeSQUHai1w6en5mP+/rg=",
      "dev": true,
      "requires": {
        "randombytes": "^2.1.0"
      }
    },
    "source-map": {
      "version": "0.6.1",
      "resolved": "http://npm.idcvdian.com/source-map/download/source-map-0.6.1.tgz",
      "integrity": "sha1-dHIq8y6WFOnCh6jQu95IteLxomM="
    },
    "source-map-js": {
      "version": "1.0.2",
      "resolved": "http://npm.idcvdian.com/source-map-js/download/source-map-js-1.0.2.tgz",
      "integrity": "sha1-rbw2HZxi3zgBJefxYfccgm8eSQw="
    },
    "source-map-support": {
      "version": "0.5.21",
      "resolved": "http://npm.idcvdian.com/source-map-support/download/source-map-support-0.5.21.tgz",
      "integrity": "sha1-BP58f54e0tZiIzwoyys1ufY/bk8=",
      "dev": true,
      "requires": {
        "buffer-from": "^1.0.0",
        "source-map": "^0.6.0"
      }
    },
    "sourcemap-codec": {
      "version": "1.4.8",
      "resolved": "http://npm.idcvdian.com/sourcemap-codec/download/sourcemap-codec-1.4.8.tgz",
      "integrity": "sha1-6oBL2UhXQC5pktBaOO8a41qatMQ="
    },
    "supports-preserve-symlinks-flag": {
      "version": "1.0.0",
      "resolved": "http://npm.idcvdian.com/supports-preserve-symlinks-flag/download/supports-preserve-symlinks-flag-1.0.0.tgz",
      "integrity": "sha1-btpL00SjyUrqN21MwxvHcxEDngk="
    },
    "tapable": {
      "version": "2.2.1",
      "resolved": "http://npm.idcvdian.com/tapable/download/tapable-2.2.1.tgz",
      "integrity": "sha1-GWenPvQGCoLxKrlq+G1S/bdu7KA=",
      "dev": true
    },
    "terser": {
      "version": "5.12.1",
      "resolved": "http://npm.idcvdian.com/terser/download/terser-5.12.1.tgz",
      "integrity": "sha1-TPLr7R9bzu9cg7n2AQSsSni0npw=",
      "dev": true,
      "requires": {
        "acorn": "^8.5.0",
        "commander": "^2.20.0",
        "source-map": "~0.7.2",
        "source-map-support": "~0.5.20"
      },
      "dependencies": {
        "source-map": {
          "version": "0.7.3",
          "resolved": "http://npm.idcvdian.com/source-map/download/source-map-0.7.3.tgz",
          "integrity": "sha1-UwL4FpAxc1ImVECS5kmB91F1A4M=",
          "dev": true
        }
      }
    },
    "terser-webpack-plugin": {
      "version": "5.3.1",
      "resolved": "http://npm.idcvdian.com/terser-webpack-plugin/download/terser-webpack-plugin-5.3.1.tgz",
      "integrity": "sha1-AyDcwnCtU3LB6Jk/q72SeSl3PlQ=",
      "dev": true,
      "requires": {
        "jest-worker": "^27.4.5",
        "schema-utils": "^3.1.1",
        "serialize-javascript": "^6.0.0",
        "source-map": "^0.6.1",
        "terser": "^5.7.2"
      }
    },
    "three": {
      "version": "0.139.2",
      "resolved": "http://npm.idcvdian.com/three/download/three-0.139.2.tgz",
      "integrity": "sha1-sRB5mhVzbfZzuSk+MWU6Ssc2SN0="
    },
    "uri-js": {
      "version": "4.4.1",
      "resolved": "http://npm.idcvdian.com/uri-js/download/uri-js-4.4.1.tgz",
      "integrity": "sha1-mxpSWVIlhZ5V9mnZKPiMbFfyp34=",
      "dev": true,
      "requires": {
        "punycode": "^2.1.0"
      }
    },
    "vite": {
      "version": "2.9.5",
      "resolved": "http://npm.idcvdian.com/vite/download/vite-2.9.5.tgz",
      "integrity": "sha1-CO83rHpth5yW8yi3kXMsmgDqJeo=",
      "requires": {
        "esbuild": "^0.14.27",
        "fsevents": "~2.3.2",
        "postcss": "^8.4.12",
        "resolve": "^1.22.0",
        "rollup": "^2.59.0"
      }
    },
    "vue": {
      "version": "3.2.33",
      "resolved": "http://npm.idcvdian.com/vue/download/vue-3.2.33.tgz",
      "integrity": "sha1-eGfrFqMpOijE0ZCoN7xEeHi9ZMI=",
      "requires": {
        "@vue/compiler-dom": "3.2.33",
        "@vue/compiler-sfc": "3.2.33",
        "@vue/runtime-dom": "3.2.33",
        "@vue/server-renderer": "3.2.33",
        "@vue/shared": "3.2.33"
      }
    },
    "watchpack": {
      "version": "2.3.1",
      "resolved": "http://npm.idcvdian.com/watchpack/download/watchpack-2.3.1.tgz",
      "integrity": "sha1-QgDZRHtAEVbuyndn7mEPiAm8nSU=",
      "dev": true,
      "requires": {
        "glob-to-regexp": "^0.4.1",
        "graceful-fs": "^4.1.2"
      }
    },
    "webpack": {
      "version": "5.72.0",
      "resolved": "http://npm.idcvdian.com/webpack/download/webpack-5.72.0.tgz",
      "integrity": "sha1-+LxA2ca7SJpLeopoUQHWAiuLbig=",
      "dev": true,
      "requires": {
        "@types/eslint-scope": "^3.7.3",
        "@types/estree": "^0.0.51",
        "@webassemblyjs/ast": "1.11.1",
        "@webassemblyjs/wasm-edit": "1.11.1",
        "@webassemblyjs/wasm-parser": "1.11.1",
        "acorn": "^8.4.1",
        "acorn-import-assertions": "^1.7.6",
        "browserslist": "^4.14.5",
        "chrome-trace-event": "^1.0.2",
        "enhanced-resolve": "^5.9.2",
        "es-module-lexer": "^0.9.0",
        "eslint-scope": "5.1.1",
        "events": "^3.2.0",
        "glob-to-regexp": "^0.4.1",
        "graceful-fs": "^4.2.9",
        "json-parse-better-errors": "^1.0.2",
        "loader-runner": "^4.2.0",
        "mime-types": "^2.1.27",
        "neo-async": "^2.6.2",
        "schema-utils": "^3.1.0",
        "tapable": "^2.1.1",
        "terser-webpack-plugin": "^5.1.3",
        "watchpack": "^2.3.1",
        "webpack-sources": "^3.2.3"
      }
    },
    "webpack-sources": {
      "version": "3.2.3",
      "resolved": "http://npm.idcvdian.com/webpack-sources/download/webpack-sources-3.2.3.tgz",
      "integrity": "sha1-LU2quEUf1LJAzCcFX/agwszqDN4=",
      "dev": true
    }
  }
}
